
Microsoft Visual Studio Solution File, Format Version 12.00
# Visual Studio Version 16
VisualStudioVersion = 16.0.31205.134
MinimumVisualStudioVersion = 10.0.40219.1
Project("{2150E333-8FDC-42A3-9474-1A3956D46DE8}") = "Test", "Test", "{E4F26F1E-68B4-44FD-B8F2-CF34D3F1CF28}"
EndProject
Project("{2150E333-8FDC-42A3-9474-1A3956D46DE8}") = "Project", "Project", "{A21C4718-5D3E-43AA-8300-5566E77A904C}"
EndProject
Project("{2150E333-8FDC-42A3-9474-1A3956D46DE8}") = "01.Domain", "01.Domain", "{B72FE79F-7941-4C2F-8CC4-48096CAA0A6B}"
EndProject
Project("{2150E333-8FDC-42A3-9474-1A3956D46DE8}") = "02.Services", "02.Services", "{DF96AD61-C17B-4953-BBEF-F8AA1DEB20CC}"
EndProject
Project("{2150E333-8FDC-42A3-9474-1A3956D46DE8}") = "03.Infrastructures", "03.Infrastructures", "{106B7400-6713-4E42-8C0E-909DF8E972EA}"
EndProject
Project("{2150E333-8FDC-42A3-9474-1A3956D46DE8}") = "04.EndPoints", "04.EndPoints", "{5499933C-AA63-4011-9202-28E313D3CAF6}"
EndProject
Project("{9A19103F-16F7-4668-BE54-9A1E7A4F7556}") = "FamilyLoan.Domain.Core", "FamilyLoan.Domain.Core\FamilyLoan.Domain.Core.csproj", "{71D81B7F-B402-4C26-9302-8D0A7AD2501C}"
EndProject
Project("{9A19103F-16F7-4668-BE54-9A1E7A4F7556}") = "FamilyLoan.Domain.Contacts", "FamilyLoan.Domain.Contacts\FamilyLoan.Domain.Contacts.csproj", "{7E56EAB4-6E4B-48A3-A1F1-55749952704C}"
EndProject
Project("{2150E333-8FDC-42A3-9474-1A3956D46DE8}") = "Common_Classes", "Common_Classes", "{29F80035-C58A-43DE-A9DF-B4B81C15EDCC}"
EndProject
Project("{FAE04EC0-301F-11D3-BF4B-00C04F79EFBC}") = "Sadr_Tools", "..\..\..\C#\Code Files\11\FamilyLoan2020\Sadr_Tools\Sadr_Tools.csproj", "{4844AF61-75A5-4B33-905B-9FE5F527F976}"
EndProject
Project("{9A19103F-16F7-4668-BE54-9A1E7A4F7556}") = "FamilyLoan.Services.AppServices", "FamilyLoan.Services.AppServices\FamilyLoan.Services.AppServices.csproj", "{6AAA8ECC-794C-43FC-AD51-362D780EF0BD}"
EndProject
Project("{9A19103F-16F7-4668-BE54-9A1E7A4F7556}") = "FamilyLoan.Infra.Data.Sql", "FamilyLoan.Infra.Data.Sql\FamilyLoan.Infra.Data.Sql.csproj", "{DB07D9C9-F948-4D05-9337-FD2CE43D4312}"
EndProject
Project("{9A19103F-16F7-4668-BE54-9A1E7A4F7556}") = "FamilyLoan.Endpoints.WebUI", "FamilyLoan.Endpoints.WebUI\FamilyLoan.Endpoints.WebUI.csproj", "{FB23E9B6-5D81-4E5F-A1C3-FADABD867F0D}"
EndProject
Global
	GlobalSection(SolutionConfigurationPlatforms) = preSolution
		Debug|Any CPU = Debug|Any CPU
		Release|Any CPU = Release|Any CPU
	EndGlobalSection
	GlobalSection(ProjectConfigurationPlatforms) = postSolution
		{71D81B7F-B402-4C26-9302-8D0A7AD2501C}.Debug|Any CPU.ActiveCfg = Debug|Any CPU
		{71D81B7F-B402-4C26-9302-8D0A7AD2501C}.Debug|Any CPU.Build.0 = Debug|Any CPU
		{71D81B7F-B402-4C26-9302-8D0A7AD2501C}.Release|Any CPU.ActiveCfg = Release|Any CPU
		{71D81B7F-B402-4C26-9302-8D0A7AD2501C}.Release|Any CPU.Build.0 = Release|Any CPU
		{7E56EAB4-6E4B-48A3-A1F1-55749952704C}.Debug|Any CPU.ActiveCfg = Debug|Any CPU
		{7E56EAB4-6E4B-48A3-A1F1-55749952704C}.Debug|Any CPU.Build.0 = Debug|Any CPU
		{7E56EAB4-6E4B-48A3-A1F1-55749952704C}.Release|Any CPU.ActiveCfg = Release|Any CPU
		{7E56EAB4-6E4B-48A3-A1F1-55749952704C}.Release|Any CPU.Build.0 = Release|Any CPU
		{4844AF61-75A5-4B33-905B-9FE5F527F976}.Debug|Any CPU.ActiveCfg = Debug|Any CPU
		{4844AF61-75A5-4B33-905B-9FE5F527F976}.Debug|Any CPU.Build.0 = Debug|Any CPU
		{4844AF61-75A5-4B33-905B-9FE5F527F976}.Release|Any CPU.ActiveCfg = Release|Any CPU
		{4844AF61-75A5-4B33-905B-9FE5F527F976}.Release|Any CPU.Build.0 = Release|Any CPU
		{6AAA8ECC-794C-43FC-AD51-362D780EF0BD}.Debug|Any CPU.ActiveCfg = Debug|Any CPU
		{6AAA8ECC-794C-43FC-AD51-362D780EF0BD}.Debug|Any CPU.Build.0 = Debug|Any CPU
		{6AAA8ECC-794C-43FC-AD51-362D780EF0BD}.Release|Any CPU.ActiveCfg = Release|Any CPU
		{6AAA8ECC-794C-43FC-AD51-362D780EF0BD}.Release|Any CPU.Build.0 = Release|Any CPU
		{DB07D9C9-F948-4D05-9337-FD2CE43D4312}.Debug|Any CPU.ActiveCfg = Debug|Any CPU
		{DB07D9C9-F948-4D05-9337-FD2CE43D4312}.Debug|Any CPU.Build.0 = Debug|Any CPU
		{DB07D9C9-F948-4D05-9337-FD2CE43D4312}.Release|Any CPU.ActiveCfg = Release|Any CPU
		{DB07D9C9-F948-4D05-9337-FD2CE43D4312}.Release|Any CPU.Build.0 = Release|Any CPU
		{FB23E9B6-5D81-4E5F-A1C3-FADABD867F0D}.Debug|Any CPU.ActiveCfg = Debug|Any CPU
		{FB23E9B6-5D81-4E5F-A1C3-FADABD867F0D}.Debug|Any CPU.Build.0 = Debug|Any CPU
		{FB23E9B6-5D81-4E5F-A1C3-FADABD867F0D}.Release|Any CPU.ActiveCfg = Release|Any CPU
		{FB23E9B6-5D81-4E5F-A1C3-FADABD867F0D}.Release|Any CPU.Build.0 = Release|Any CPU
	EndGlobalSection
	GlobalSection(SolutionProperties) = preSolution
		HideSolutionNode = FALSE
	EndGlobalSection
	GlobalSection(NestedProjects) = preSolution
		{B72FE79F-7941-4C2F-8CC4-48096CAA0A6B} = {A21C4718-5D3E-43AA-8300-5566E77A904C}
		{DF96AD61-C17B-4953-BBEF-F8AA1DEB20CC} = {A21C4718-5D3E-43AA-8300-5566E77A904C}
		{106B7400-6713-4E42-8C0E-909DF8E972EA} = {A21C4718-5D3E-43AA-8300-5566E77A904C}
		{5499933C-AA63-4011-9202-28E313D3CAF6} = {A21C4718-5D3E-43AA-8300-5566E77A904C}
		{71D81B7F-B402-4C26-9302-8D0A7AD2501C} = {B72FE79F-7941-4C2F-8CC4-48096CAA0A6B}
		{7E56EAB4-6E4B-48A3-A1F1-55749952704C} = {B72FE79F-7941-4C2F-8CC4-48096CAA0A6B}
		{29F80035-C58A-43DE-A9DF-B4B81C15EDCC} = {B72FE79F-7941-4C2F-8CC4-48096CAA0A6B}
		{4844AF61-75A5-4B33-905B-9FE5F527F976} = {29F80035-C58A-43DE-A9DF-B4B81C15EDCC}
		{6AAA8ECC-794C-43FC-AD51-362D780EF0BD} = {DF96AD61-C17B-4953-BBEF-F8AA1DEB20CC}
		{DB07D9C9-F948-4D05-9337-FD2CE43D4312} = {106B7400-6713-4E42-8C0E-909DF8E972EA}
		{FB23E9B6-5D81-4E5F-A1C3-FADABD867F0D} = {5499933C-AA63-4011-9202-28E313D3CAF6}
	EndGlobalSection
	GlobalSection(ExtensibilityGlobals) = postSolution
		SolutionGuid = {5FAFCADF-2AC7-4670-A877-00CD7A7BD6D0}
	EndGlobalSection
EndGlobal
